
Microsoft Visual Studio Solution File, Format Version 12.00
# Visual Studio Version 17
VisualStudioVersion = 17.0.32126.317
MinimumVisualStudioVersion = 10.0.40219.1
Project("{9A19103F-16F7-4668-BE54-9A1E7A4F7556}") = "XgamerRandomizer", "XgamerRandomizer\XgamerRandomizer.csproj", "{97D181C3-8187-4A49-B8F8-5CD2DDD72AB2}"
EndProject
Project("{FAE04EC0-301F-11D3-BF4B-00C04F79EFBC}") = "SnackRandomizer", "SnackRandomizer\SnackRandomizer.csproj", "{87608922-3B20-4BFD-8392-D9F903C84BEC}"
EndProject
Global
	GlobalSection(SolutionConfigurationPlatforms) = preSolution
		Debug|Any CPU = Debug|Any CPU
		Release|Any CPU = Release|Any CPU
	EndGlobalSection
	GlobalSection(ProjectConfigurationPlatforms) = postSolution
		{97D181C3-8187-4A49-B8F8-5CD2DDD72AB2}.Debug|Any CPU.ActiveCfg = Debug|Any CPU
		{97D181C3-8187-4A49-B8F8-5CD2DDD72AB2}.Debug|Any CPU.Build.0 = Debug|Any CPU
		{97D181C3-8187-4A49-B8F8-5CD2DDD72AB2}.Release|Any CPU.ActiveCfg = Release|Any CPU
		{97D181C3-8187-4A49-B8F8-5CD2DDD72AB2}.Release|Any CPU.Build.0 = Release|Any CPU
		{87608922-3B20-4BFD-8392-D9F903C84BEC}.Debug|Any CPU.ActiveCfg = Debug|Any CPU
		{87608922-3B20-4BFD-8392-D9F903C84BEC}.Debug|Any CPU.Build.0 = Debug|Any CPU
		{87608922-3B20-4BFD-8392-D9F903C84BEC}.Release|Any CPU.ActiveCfg = Release|Any CPU
		{87608922-3B20-4BFD-8392-D9F903C84BEC}.Release|Any CPU.Build.0 = Release|Any CPU
	EndGlobalSection
	GlobalSection(SolutionProperties) = preSolution
		HideSolutionNode = FALSE
	EndGlobalSection
	GlobalSection(ExtensibilityGlobals) = postSolution
		SolutionGuid = {45F70EE6-88DE-407E-AD4B-35D32EB0EBBD}
	EndGlobalSection
EndGlobal
